// !$*UTF8*$!
{
	archiveVersion = 1;
	classes = {
	};
	objectVersion = 46;
	objects = {

/* Begin PBXBuildFile section */
		B1B1C9C51D300F7300A49E38 /* AppDelegate.swift in Sources */ = {isa = PBXBuildFile; fileRef = B1B1C9C41D300F7300A49E38 /* AppDelegate.swift */; };
		B1B1C9C71D300F7300A49E38 /* ViewController.swift in Sources */ = {isa = PBXBuildFile; fileRef = B1B1C9C61D300F7300A49E38 /* ViewController.swift */; };
		B1B1C9CA1D300F7400A49E38 /* Main.storyboard in Resources */ = {isa = PBXBuildFile; fileRef = B1B1C9C81D300F7400A49E38 /* Main.storyboard */; };
		B1B1C9CC1D300F7400A49E38 /* Assets.xcassets in Resources */ = {isa = PBXBuildFile; fileRef = B1B1C9CB1D300F7400A49E38 /* Assets.xcassets */; };
		B1B1C9CF1D300F7400A49E38 /* LaunchScreen.storyboard in Resources */ = {isa = PBXBuildFile; fileRef = B1B1C9CD1D300F7400A49E38 /* LaunchScreen.storyboard */; };
		B1B1C9DA1D300F7400A49E38 /* OmikujiTests.swift in Sources */ = {isa = PBXBuildFile; fileRef = B1B1C9D91D300F7400A49E38 /* OmikujiTests.swift */; };
		B1B1C9E51D300F7400A49E38 /* OmikujiUITests.swift in Sources */ = {isa = PBXBuildFile; fileRef = B1B1C9E41D300F7400A49E38 /* OmikujiUITests.swift */; };
/* End PBXBuildFile section */

/* Begin PBXContainerItemProxy section */
		B1B1C9D61D300F7400A49E38 /* PBXContainerItemProxy */ = {
			isa = PBXContainerItemProxy;
			containerPortal = B1B1C9B91D300F7300A49E38 /* Project object */;
			proxyType = 1;
			remoteGlobalIDString = B1B1C9C01D300F7300A49E38;
			remoteInfo = Omikuji;
		};
		B1B1C9E11D300F7400A49E38 /* PBXContainerItemProxy */ = {
			isa = PBXContainerItemProxy;
			containerPortal = B1B1C9B91D300F7300A49E38 /* Project object */;
			proxyType = 1;
			remoteGlobalIDString = B1B1C9C01D300F7300A49E38;
			remoteInfo = Omikuji;
		};
/* End PBXContainerItemProxy section */

/* Begin PBXFileReference section */
		B1B1C9C11D300F7300A49E38 /* Omikuji.app */ = {isa = PBXFileReference; explicitFileType = wrapper.application; includeInIndex = 0; path = Omikuji.app; sourceTree = BUILT_PRODUCTS_DIR; };
		B1B1C9C41D300F7300A49E38 /* AppDelegate.swift */ = {isa = PBXFileReference; lastKnownFileType = sourcecode.swift; path = AppDelegate.swift; sourceTree = "<group>"; };
		B1B1C9C61D300F7300A49E38 /* ViewController.swift */ = {isa = PBXFileReference; lastKnownFileType = sourcecode.swift; path = ViewController.swift; sourceTree = "<group>"; };
		B1B1C9C91D300F7400A49E38 /* Base */ = {isa = PBXFileReference; lastKnownFileType = file.storyboard; name = Base; path = Base.lproj/Main.storyboard; sourceTree = "<group>"; };
		B1B1C9CB1D300F7400A49E38 /* Assets.xcassets */ = {isa = PBXFileReference; lastKnownFileType = folder.assetcatalog; path = Assets.xcassets; sourceTree = "<group>"; };
		B1B1C9CE1D300F7400A49E38 /* Base */ = {isa = PBXFileReference; lastKnownFileType = file.storyboard; name = Base; path = Base.lproj/LaunchScreen.storyboard; sourceTree = "<group>"; };
		B1B1C9D01D300F7400A49E38 /* Info.plist */ = {isa = PBXFileReference; lastKnownFileType = text.plist.xml; path = Info.plist; sourceTree = "<group>"; };
		B1B1C9D51D300F7400A49E38 /* OmikujiTests.xctest */ = {isa = PBXFileReference; explicitFileType = wrapper.cfbundle; includeInIndex = 0; path = OmikujiTests.xctest; sourceTree = BUILT_PRODUCTS_DIR; };
		B1B1C9D91D300F7400A49E38 /* OmikujiTests.swift */ = {isa = PBXFileReference; lastKnownFileType = sourcecode.swift; path = OmikujiTests.swift; sourceTree = "<group>"; };
		B1B1C9DB1D300F7400A49E38 /* Info.plist */ = {isa = PBXFileReference; lastKnownFileType = text.plist.xml; path = Info.plist; sourceTree = "<group>"; };
		B1B1C9E01D300F7400A49E38 /* OmikujiUITests.xctest */ = {isa = PBXFileReference; explicitFileType = wrapper.cfbundle; includeInIndex = 0; path = OmikujiUITests.xctest; sourceTree = BUILT_PRODUCTS_DIR; };
		B1B1C9E41D300F7400A49E38 /* OmikujiUITests.swift */ = {isa = PBXFileReference; lastKnownFileType = sourcecode.swift; path = OmikujiUITests.swift; sourceTree = "<group>"; };
		B1B1C9E61D300F7400A49E38 /* Info.plist */ = {isa = PBXFileReference; lastKnownFileType = text.plist.xml; path = Info.plist; sourceTree = "<group>"; };
/* End PBXFileReference section */

/* Begin PBXFrameworksBuildPhase section */
		B1B1C9BE1D300F7300A49E38 /* Frameworks */ = {
			isa = PBXFrameworksBuildPhase;
			buildActionMask = 2147483647;
			files = (
			);
			runOnlyForDeploymentPostprocessing = 0;
		};
		B1B1C9D21D300F7400A49E38 /* Frameworks */ = {
			isa = PBXFrameworksBuildPhase;
			buildActionMask = 2147483647;
			files = (
			);
			runOnlyForDeploymentPostprocessing = 0;
		};
		B1B1C9DD1D300F7400A49E38 /* Frameworks */ = {
			isa = PBXFrameworksBuildPhase;
			buildActionMask = 2147483647;
			files = (
			);
			runOnlyForDeploymentPostprocessing = 0;
		};
/* End PBXFrameworksBuildPhase section */

/* Begin PBXGroup section */
		B1B1C9B81D300F7300A49E38 = {
			isa = PBXGroup;
			children = (
				B1B1C9C31D300F7300A49E38 /* Omikuji */,
				B1B1C9D81D300F7400A49E38 /* OmikujiTests */,
				B1B1C9E31D300F7400A49E38 /* OmikujiUITests */,
				B1B1C9C21D300F7300A49E38 /* Products */,
			);
			sourceTree = "<group>";
		};
		B1B1C9C21D300F7300A49E38 /* Products */ = {
			isa = PBXGroup;
			children = (
				B1B1C9C11D300F7300A49E38 /* Omikuji.app */,
				B1B1C9D51D300F7400A49E38 /* OmikujiTests.xctest */,
				B1B1C9E01D300F7400A49E38 /* OmikujiUITests.xctest */,
			);
			name = Products;
			sourceTree = "<group>";
		};
		B1B1C9C31D300F7300A49E38 /* Omikuji */ = {
			isa = PBXGroup;
			children = (
				B1B1C9C41D300F7300A49E38 /* AppDelegate.swift */,
				B1B1C9C61D300F7300A49E38 /* ViewController.swift */,
				B1B1C9C81D300F7400A49E38 /* Main.storyboard */,
				B1B1C9CB1D300F7400A49E38 /* Assets.xcassets */,
				B1B1C9CD1D300F7400A49E38 /* LaunchScreen.storyboard */,
				B1B1C9D01D300F7400A49E38 /* Info.plist */,
			);
			path = Omikuji;
			sourceTree = "<group>";
		};
		B1B1C9D81D300F7400A49E38 /* OmikujiTests */ = {
			isa = PBXGroup;
			children = (
				B1B1C9D91D300F7400A49E38 /* OmikujiTests.swift */,
				B1B1C9DB1D300F7400A49E38 /* Info.plist */,
			);
			path = OmikujiTests;
			sourceTree = "<group>";
		};
		B1B1C9E31D300F7400A49E38 /* OmikujiUITests */ = {
			isa = PBXGroup;
			children = (
				B1B1C9E41D300F7400A49E38 /* OmikujiUITests.swift */,
				B1B1C9E61D300F7400A49E38 /* Info.plist */,
			);
			path = OmikujiUITests;
			sourceTree = "<group>";
		};
/* End PBXGroup section */

/* Begin PBXNativeTarget section */
		B1B1C9C01D300F7300A49E38 /* Omikuji */ = {
			isa = PBXNativeTarget;
			buildConfigurationList = B1B1C9E91D300F7400A49E38 /* Build configuration list for PBXNativeTarget "Omikuji" */;
			buildPhases = (
				B1B1C9BD1D300F7300A49E38 /* Sources */,
				B1B1C9BE1D300F7300A49E38 /* Frameworks */,
				B1B1C9BF1D300F7300A49E38 /* Resources */,
			);
			buildRules = (
			);
			dependencies = (
			);
			name = Omikuji;
			productName = Omikuji;
			productReference = B1B1C9C11D300F7300A49E38 /* Omikuji.app */;
			productType = "com.apple.product-type.application";
		};
		B1B1C9D41D300F7400A49E38 /* OmikujiTests */ = {
			isa = PBXNativeTarget;
			buildConfigurationList = B1B1C9EC1D300F7400A49E38 /* Build configuration list for PBXNativeTarget "OmikujiTests" */;
			buildPhases = (
				B1B1C9D11D300F7400A49E38 /* Sources */,
				B1B1C9D21D300F7400A49E38 /* Frameworks */,
				B1B1C9D31D300F7400A49E38 /* Resources */,
			);
			buildRules = (
			);
			dependencies = (
				B1B1C9D71D300F7400A49E38 /* PBXTargetDependency */,
			);
			name = OmikujiTests;
			productName = OmikujiTests;
			productReference = B1B1C9D51D300F7400A49E38 /* OmikujiTests.xctest */;
			productType = "com.apple.product-type.bundle.unit-test";
		};
		B1B1C9DF1D300F7400A49E38 /* OmikujiUITests */ = {
			isa = PBXNativeTarget;
			buildConfigurationList = B1B1C9EF1D300F7400A49E38 /* Build configuration list for PBXNativeTarget "OmikujiUITests" */;
			buildPhases = (
				B1B1C9DC1D300F7400A49E38 /* Sources */,
				B1B1C9DD1D300F7400A49E38 /* Frameworks */,
				B1B1C9DE1D300F7400A49E38 /* Resources */,
			);
			buildRules = (
			);
			dependencies = (
				B1B1C9E21D300F7400A49E38 /* PBXTargetDependency */,
			);
			name = OmikujiUITests;
			productName = OmikujiUITests;
			productReference = B1B1C9E01D300F7400A49E38 /* OmikujiUITests.xctest */;
			productType = "com.apple.product-type.bundle.ui-testing";
		};
/* End PBXNativeTarget section */

/* Begin PBXProject section */
		B1B1C9B91D300F7300A49E38 /* Project object */ = {
			isa = PBXProject;
			attributes = {
				LastSwiftUpdateCheck = 0730;
				LastUpgradeCheck = 0730;
				ORGANIZATIONNAME = Zombiyamo;
				TargetAttributes = {
					B1B1C9C01D300F7300A49E38 = {
						CreatedOnToolsVersion = 7.3.1;
					};
					B1B1C9D41D300F7400A49E38 = {
						CreatedOnToolsVersion = 7.3.1;
						TestTargetID = B1B1C9C01D300F7300A49E38;
					};
					B1B1C9DF1D300F7400A49E38 = {
						CreatedOnToolsVersion = 7.3.1;
						TestTargetID = B1B1C9C01D300F7300A49E38;
					};
				};
			};
			buildConfigurationList = B1B1C9BC1D300F7300A49E38 /* Build configuration list for PBXProject "Omikuji" */;
			compatibilityVersion = "Xcode 3.2";
			developmentRegion = English;
			hasScannedForEncodings = 0;
			knownRegions = (
				en,
				Base,
			);
			mainGroup = B1B1C9B81D300F7300A49E38;
			productRefGroup = B1B1C9C21D300F7300A49E38 /* Products */;
			projectDirPath = "";
			projectRoot = "";
			targets = (
				B1B1C9C01D300F7300A49E38 /* Omikuji */,
				B1B1C9D41D300F7400A49E38 /* OmikujiTests */,
				B1B1C9DF1D300F7400A49E38 /* OmikujiUITests */,
			);
		};
/* End PBXProject section */

/* Begin PBXResourcesBuildPhase section */
		B1B1C9BF1D300F7300A49E38 /* Resources */ = {
			isa = PBXResourcesBuildPhase;
			buildActionMask = 2147483647;
			files = (
				B1B1C9CF1D300F7400A49E38 /* LaunchScreen.storyboard in Resources */,
				B1B1C9CC1D300F7400A49E38 /* Assets.xcassets in Resources */,
				B1B1C9CA1D300F7400A49E38 /* Main.storyboard in Resources */,
			);
			runOnlyForDeploymentPostprocessing = 0;
		};
		B1B1C9D31D300F7400A49E38 /* Resources */ = {
			isa = PBXResourcesBuildPhase;
			buildActionMask = 2147483647;
			files = (
			);
			runOnlyForDeploymentPostprocessing = 0;
		};
		B1B1C9DE1D300F7400A49E38 /* Resources */ = {
			isa = PBXResourcesBuildPhase;
			buildActionMask = 2147483647;
			files = (
			);
			runOnlyForDeploymentPostprocessing = 0;
		};
/* End PBXResourcesBuildPhase section */

/* Begin PBXSourcesBuildPhase section */
		B1B1C9BD1D300F7300A49E38 /* Sources */ = {
			isa = PBXSourcesBuildPhase;
			buildActionMask = 2147483647;
			files = (
				B1B1C9C71D300F7300A49E38 /* ViewController.swift in Sources */,
				B1B1C9C51D300F7300A49E38 /* AppDelegate.swift in Sources */,
			);
			runOnlyForDeploymentPostprocessing = 0;
		};
		B1B1C9D11D300F7400A49E38 /* Sources */ = {
			isa = PBXSourcesBuildPhase;
			buildActionMask = 2147483647;
			files = (
				B1B1C9DA1D300F7400A49E38 /* OmikujiTests.swift in Sources */,
			);
			runOnlyForDeploymentPostprocessing = 0;
		};
		B1B1C9DC1D300F7400A49E38 /* Sources */ = {
			isa = PBXSourcesBuildPhase;
			buildActionMask = 2147483647;
			files = (
				B1B1C9E51D300F7400A49E38 /* OmikujiUITests.swift in Sources */,
			);
			runOnlyForDeploymentPostprocessing = 0;
		};
/* End PBXSourcesBuildPhase section */

/* Begin PBXTargetDependency section */
		B1B1C9D71D300F7400A49E38 /* PBXTargetDependency */ = {
			isa = PBXTargetDependency;
			target = B1B1C9C01D300F7300A49E38 /* Omikuji */;
			targetProxy = B1B1C9D61D300F7400A49E38 /* PBXContainerItemProxy */;
		};
		B1B1C9E21D300F7400A49E38 /* PBXTargetDependency */ = {
			isa = PBXTargetDependency;
			target = B1B1C9C01D300F7300A49E38 /* Omikuji */;
			targetProxy = B1B1C9E11D300F7400A49E38 /* PBXContainerItemProxy */;
		};
/* End PBXTargetDependency section */

/* Begin PBXVariantGroup section */
		B1B1C9C81D300F7400A49E38 /* Main.storyboard */ = {
			isa = PBXVariantGroup;
			children = (
				B1B1C9C91D300F7400A49E38 /* Base */,
			);
			name = Main.storyboard;
			sourceTree = "<group>";
		};
		B1B1C9CD1D300F7400A49E38 /* LaunchScreen.storyboard */ = {
			isa = PBXVariantGroup;
			children = (
				B1B1C9CE1D300F7400A49E38 /* Base */,
			);
			name = LaunchScreen.storyboard;
			sourceTree = "<group>";
		};
/* End PBXVariantGroup section */

/* Begin XCBuildConfiguration section */
		B1B1C9E71D300F7400A49E38 /* Debug */ = {
			isa = XCBuildConfiguration;
			buildSettings = {
				ALWAYS_SEARCH_USER_PATHS = NO;
				CLANG_ANALYZER_NONNULL = YES;
				CLANG_CXX_LANGUAGE_STANDARD = "gnu++0x";
				CLANG_CXX_LIBRARY = "libc++";
				CLANG_ENABLE_MODULES = YES;
				CLANG_ENABLE_OBJC_ARC = YES;
				CLANG_WARN_BOOL_CONVERSION = YES;
				CLANG_WARN_CONSTANT_CONVERSION = YES;
				CLANG_WARN_DIRECT_OBJC_ISA_USAGE = YES_ERROR;
				CLANG_WARN_EMPTY_BODY = YES;
				CLANG_WARN_ENUM_CONVERSION = YES;
				CLANG_WARN_INT_CONVERSION = YES;
				CLANG_WARN_OBJC_ROOT_CLASS = YES_ERROR;
				CLANG_WARN_UNREACHABLE_CODE = YES;
				CLANG_WARN__DUPLICATE_METHOD_MATCH = YES;
				"CODE_SIGN_IDENTITY[sdk=iphoneos*]" = "iPhone Developer";
				COPY_PHASE_STRIP = NO;
				DEBUG_INFORMATION_FORMAT = dwarf;
				ENABLE_STRICT_OBJC_MSGSEND = YES;
				ENABLE_TESTABILITY = YES;
				GCC_C_LANGUAGE_STANDARD = gnu99;
				GCC_DYNAMIC_NO_PIC = NO;
				GCC_NO_COMMON_BLOCKS = YES;
				GCC_OPTIMIZATION_LEVEL = 0;
				GCC_PREPROCESSOR_DEFINITIONS = (
					"DEBUG=1",
					"$(inherited)",
				);
				GCC_WARN_64_TO_32_BIT_CONVERSION = YES;
				GCC_WARN_ABOUT_RETURN_TYPE = YES_ERROR;
				GCC_WARN_UNDECLARED_SELECTOR = YES;
				GCC_WARN_UNINITIALIZED_AUTOS = YES_AGGRESSIVE;
				GCC_WARN_UNUSED_FUNCTION = YES;
				GCC_WARN_UNUSED_VARIABLE = YES;
				IPHONEOS_DEPLOYMENT_TARGET = 9.3;
				MTL_ENABLE_DEBUG_INFO = YES;
				ONLY_ACTIVE_ARCH = YES;
				SDKROOT = iphoneos;
				SWIFT_OPTIMIZATION_LEVEL = "-Onone";
			};
			name = Debug;
		};
		B1B1C9E81D300F7400A49E38 /* Release */ = {
			isa = XCBuildConfiguration;
			buildSettings = {
				ALWAYS_SEARCH_USER_PATHS = NO;
				CLANG_ANALYZER_NONNULL = YES;
				CLANG_CXX_LANGUAGE_STANDARD = "gnu++0x";
				CLANG_CXX_LIBRARY = "libc++";
				CLANG_ENABLE_MODULES = YES;
				CLANG_ENABLE_OBJC_ARC = YES;
				CLANG_WARN_BOOL_CONVERSION = YES;
				CLANG_WARN_CONSTANT_CONVERSION = YES;
				CLANG_WARN_DIRECT_OBJC_ISA_USAGE = YES_ERROR;
				CLANG_WARN_EMPTY_BODY = YES;
				CLANG_WARN_ENUM_CONVERSION = YES;
				CLANG_WARN_INT_CONVERSION = YES;
				CLANG_WARN_OBJC_ROOT_CLASS = YES_ERROR;
				CLANG_WARN_UNREACHABLE_CODE = YES;
				CLANG_WARN__DUPLICATE_METHOD_MATCH = YES;
				"CODE_SIGN_IDENTITY[sdk=iphoneos*]" = "iPhone Developer";
				COPY_PHASE_STRIP = NO;
				DEBUG_INFORMATION_FORMAT = "dwarf-with-dsym";
				ENABLE_NS_ASSERTIONS = NO;
				ENABLE_STRICT_OBJC_MSGSEND = YES;
				GCC_C_LANGUAGE_STANDARD = gnu99;
				GCC_NO_COMMON_BLOCKS = YES;
				GCC_WARN_64_TO_32_BIT_CONVERSION = YES;
				GCC_WARN_ABOUT_RETURN_TYPE = YES_ERROR;
				GCC_WARN_UNDECLARED_SELECTOR = YES;
				GCC_WARN_UNINITIALIZED_AUTOS = YES_AGGRESSIVE;
				GCC_WARN_UNUSED_FUNCTION = YES;
				GCC_WARN_UNUSED_VARIABLE = YES;
				IPHONEOS_DEPLOYMENT_TARGET = 9.3;
				MTL_ENABLE_DEBUG_INFO = NO;
				SDKROOT = iphoneos;
				VALIDATE_PRODUCT = YES;
			};
			name = Release;
		};
		B1B1C9EA1D300F7400A49E38 /* Debug */ = {
			isa = XCBuildConfiguration;
			buildSettings = {
				ASSETCATALOG_COMPILER_APPICON_NAME = AppIcon;
				INFOPLIST_FILE = Omikuji/Info.plist;
				LD_RUNPATH_SEARCH_PATHS = "$(inherited) @executable_path/Frameworks";
				PRODUCT_BUNDLE_IDENTIFIER = zombiyamo.Omikuji;
				PRODUCT_NAME = "$(TARGET_NAME)";
			};
			name = Debug;
		};
		B1B1C9EB1D300F7400A49E38 /* Release */ = {
			isa = XCBuildConfiguration;
			buildSettings = {
				ASSETCATALOG_COMPILER_APPICON_NAME = AppIcon;
				INFOPLIST_FILE = Omikuji/Info.plist;
				LD_RUNPATH_SEARCH_PATHS = "$(inherited) @executable_path/Frameworks";
				PRODUCT_BUNDLE_IDENTIFIER = zombiyamo.Omikuji;
				PRODUCT_NAME = "$(TARGET_NAME)";
			};
			name = Release;
		};
		B1B1C9ED1D300F7400A49E38 /* Debug */ = {
			isa = XCBuildConfiguration;
			buildSettings = {
				BUNDLE_LOADER = "$(TEST_HOST)";
				INFOPLIST_FILE = OmikujiTests/Info.plist;
				LD_RUNPATH_SEARCH_PATHS = "$(inherited) @executable_path/Frameworks @loader_path/Frameworks";
				PRODUCT_BUNDLE_IDENTIFIER = zombiyamo.OmikujiTests;
				PRODUCT_NAME = "$(TARGET_NAME)";
				TEST_HOST = "$(BUILT_PRODUCTS_DIR)/Omikuji.app/Omikuji";
			};
			name = Debug;
		};
		B1B1C9EE1D300F7400A49E38 /* Release */ = {
			isa = XCBuildConfiguration;
			buildSettings = {
				BUNDLE_LOADER = "$(TEST_HOST)";
				INFOPLIST_FILE = OmikujiTests/Info.plist;
				LD_RUNPATH_SEARCH_PATHS = "$(inherited) @executable_path/Frameworks @loader_path/Frameworks";
				PRODUCT_BUNDLE_IDENTIFIER = zombiyamo.OmikujiTests;
				PRODUCT_NAME = "$(TARGET_NAME)";
				TEST_HOST = "$(BUILT_PRODUCTS_DIR)/Omikuji.app/Omikuji";
			};
			name = Release;
		};
		B1B1C9F01D300F7400A49E38 /* Debug */ = {
			isa = XCBuildConfiguration;
			buildSettings = {
				INFOPLIST_FILE = OmikujiUITests/Info.plist;
				LD_RUNPATH_SEARCH_PATHS = "$(inherited) @executable_path/Frameworks @loader_path/Frameworks";
				PRODUCT_BUNDLE_IDENTIFIER = zombiyamo.OmikujiUITests;
				PRODUCT_NAME = "$(TARGET_NAME)";
				TEST_TARGET_NAME = Omikuji;
			};
			name = Debug;
		};
		B1B1C9F11D300F7400A49E38 /* Release */ = {
			isa = XCBuildConfiguration;
			buildSettings = {
				INFOPLIST_FILE = OmikujiUITests/Info.plist;
				LD_RUNPATH_SEARCH_PATHS = "$(inherited) @executable_path/Frameworks @loader_path/Frameworks";
				PRODUCT_BUNDLE_IDENTIFIER = zombiyamo.OmikujiUITests;
				PRODUCT_NAME = "$(TARGET_NAME)";
				TEST_TARGET_NAME = Omikuji;
			};
			name = Release;
		};
/* End XCBuildConfiguration section */

/* Begin XCConfigurationList section */
		B1B1C9BC1D300F7300A49E38 /* Build configuration list for PBXProject "Omikuji" */ = {
			isa = XCConfigurationList;
			buildConfigurations = (
				B1B1C9E71D300F7400A49E38 /* Debug */,
				B1B1C9E81D300F7400A49E38 /* Release */,
			);
			defaultConfigurationIsVisible = 0;
			defaultConfigurationName = Release;
		};
		B1B1C9E91D300F7400A49E38 /* Build configuration list for PBXNativeTarget "Omikuji" */ = {
			isa = XCConfigurationList;
			buildConfigurations = (
				B1B1C9EA1D300F7400A49E38 /* Debug */,
				B1B1C9EB1D300F7400A49E38 /* Release */,
			);
			defaultConfigurationIsVisible = 0;
		};
		B1B1C9EC1D300F7400A49E38 /* Build configuration list for PBXNativeTarget "OmikujiTests" */ = {
			isa = XCConfigurationList;
			buildConfigurations = (
				B1B1C9ED1D300F7400A49E38 /* Debug */,
				B1B1C9EE1D300F7400A49E38 /* Release */,
			);
			defaultConfigurationIsVisible = 0;
		};
		B1B1C9EF1D300F7400A49E38 /* Build configuration list for PBXNativeTarget "OmikujiUITests" */ = {
			isa = XCConfigurationList;
			buildConfigurations = (
				B1B1C9F01D300F7400A49E38 /* Debug */,
				B1B1C9F11D300F7400A49E38 /* Release */,
			);
			defaultConfigurationIsVisible = 0;
		};
/* End XCConfigurationList section */
	};
	rootObject = B1B1C9B91D300F7300A49E38 /* Project object */;
}
